
Microsoft Visual Studio Solution File, Format Version 12.00
# Visual Studio Version 17
VisualStudioVersion = 17.4.33213.308
MinimumVisualStudioVersion = 10.0.40219.1
Project("{FAE04EC0-301F-11D3-BF4B-00C04F79EFBC}") = "cubeRotate", "cubeRotate\cubeRotate.csproj", "{9C2F5E11-60DC-4208-AC7C-D4270C9F8A20}"
EndProject
Global
	GlobalSection(SolutionConfigurationPlatforms) = preSolution
		Debug|Any CPU = Debug|Any CPU
		Release|Any CPU = Release|Any CPU
	EndGlobalSection
	GlobalSection(ProjectConfigurationPlatforms) = postSolution
		{9C2F5E11-60DC-4208-AC7C-D4270C9F8A20}.Debug|Any CPU.ActiveCfg = Debug|Any CPU
		{9C2F5E11-60DC-4208-AC7C-D4270C9F8A20}.Debug|Any CPU.Build.0 = Debug|Any CPU
		{9C2F5E11-60DC-4208-AC7C-D4270C9F8A20}.Release|Any CPU.ActiveCfg = Release|Any CPU
		{9C2F5E11-60DC-4208-AC7C-D4270C9F8A20}.Release|Any CPU.Build.0 = Release|Any CPU
	EndGlobalSection
	GlobalSection(SolutionProperties) = preSolution
		HideSolutionNode = FALSE
	EndGlobalSection
	GlobalSection(ExtensibilityGlobals) = postSolution
		SolutionGuid = {83EC05E0-2BB5-4000-BB2E-43DE1698DA09}
	EndGlobalSection
EndGlobal
