
Microsoft Visual Studio Solution File, Format Version 12.00
# Visual Studio Version 17
VisualStudioVersion = 17.4.33205.214
MinimumVisualStudioVersion = 10.0.40219.1
Project("{FAE04EC0-301F-11D3-BF4B-00C04F79EFBC}") = "DdaBresenham", "DdaBresenham\DdaBresenham.csproj", "{55492460-F37F-4A3B-B292-E43EF647F95A}"
EndProject
Global
	GlobalSection(SolutionConfigurationPlatforms) = preSolution
		Debug|Any CPU = Debug|Any CPU
		Release|Any CPU = Release|Any CPU
	EndGlobalSection
	GlobalSection(ProjectConfigurationPlatforms) = postSolution
		{55492460-F37F-4A3B-B292-E43EF647F95A}.Debug|Any CPU.ActiveCfg = Debug|Any CPU
		{55492460-F37F-4A3B-B292-E43EF647F95A}.Debug|Any CPU.Build.0 = Debug|Any CPU
		{55492460-F37F-4A3B-B292-E43EF647F95A}.Release|Any CPU.ActiveCfg = Release|Any CPU
		{55492460-F37F-4A3B-B292-E43EF647F95A}.Release|Any CPU.Build.0 = Release|Any CPU
	EndGlobalSection
	GlobalSection(SolutionProperties) = preSolution
		HideSolutionNode = FALSE
	EndGlobalSection
	GlobalSection(ExtensibilityGlobals) = postSolution
		SolutionGuid = {6454AFD0-6EEB-4483-B8B3-15E466F4BEA3}
	EndGlobalSection
EndGlobal
