
Microsoft Visual Studio Solution File, Format Version 12.00
# Visual Studio Version 17
VisualStudioVersion = 17.4.33213.308
MinimumVisualStudioVersion = 10.0.40219.1
Project("{FAE04EC0-301F-11D3-BF4B-00C04F79EFBC}") = "histogramm", "histogramm\histogramm.csproj", "{F855A5E4-64A7-4758-A876-DF9F21FBEB98}"
EndProject
Global
	GlobalSection(SolutionConfigurationPlatforms) = preSolution
		Debug|Any CPU = Debug|Any CPU
		Release|Any CPU = Release|Any CPU
	EndGlobalSection
	GlobalSection(ProjectConfigurationPlatforms) = postSolution
		{F855A5E4-64A7-4758-A876-DF9F21FBEB98}.Debug|Any CPU.ActiveCfg = Debug|Any CPU
		{F855A5E4-64A7-4758-A876-DF9F21FBEB98}.Debug|Any CPU.Build.0 = Debug|Any CPU
		{F855A5E4-64A7-4758-A876-DF9F21FBEB98}.Release|Any CPU.ActiveCfg = Release|Any CPU
		{F855A5E4-64A7-4758-A876-DF9F21FBEB98}.Release|Any CPU.Build.0 = Release|Any CPU
	EndGlobalSection
	GlobalSection(SolutionProperties) = preSolution
		HideSolutionNode = FALSE
	EndGlobalSection
	GlobalSection(ExtensibilityGlobals) = postSolution
		SolutionGuid = {0349CD28-5ED6-4084-9A3D-4FA1577D98AE}
	EndGlobalSection
EndGlobal
